
Microsoft Visual Studio Solution File, Format Version 12.00
# Visual Studio Version 17
VisualStudioVersion = 17.0.31903.59
MinimumVisualStudioVersion = 10.0.40219.1
Project("{FAE04EC0-301F-11D3-BF4B-00C04F79EFBC}") = "SshTerminalComponent", "SshTerminalComponent\SshTerminalComponent.csproj", "{F1F6559C-30AB-4C93-AAC9-6FB011EB511C}"
EndProject
Project("{FAE04EC0-301F-11D3-BF4B-00C04F79EFBC}") = "SshTerminalComponent.TestApp", "SshTerminalComponent.TestApp\SshTerminalComponent.TestApp.csproj", "{BEE87F89-2CAC-43AC-8593-0CAE78842E77}"
EndProject
Project("{FAE04EC0-301F-11D3-BF4B-00C04F79EFBC}") = "SessionNavigatorControl", "SessionNavigatorControl\SessionNavigatorControl.csproj", "{295D5E88-1C24-4763-A74C-2AF5C93A447F}"
EndProject
Project("{FAE04EC0-301F-11D3-BF4B-00C04F79EFBC}") = "SessionNavigatorControl.TestApp", "SessionNavigatorControl.TestApp\SessionNavigatorControl.TestApp.csproj", "{5D667196-F308-44AB-A402-2418732A91FF}"
EndProject
Project("{FAE04EC0-301F-11D3-BF4B-00C04F79EFBC}") = "RetroTerm.NET", "RetroTerm.NET\RetroTerm.NET.csproj", "{6347BCBA-AF4C-46B5-96C7-1E047E23EDC5}"
EndProject
Project("{FAE04EC0-301F-11D3-BF4B-00C04F79EFBC}") = "AsteroidsGameControl", "AsteroidsGameControl\AsteroidsGameControl.csproj", "{608BA9B2-87F2-415C-962B-42AC6558D456}"
EndProject
Project("{FAE04EC0-301F-11D3-BF4B-00C04F79EFBC}") = "AsteroidsGameControl.TestApp", "AsteroidsGameControl.TestApp\AsteroidsGameControl.TestApp.csproj", "{8B5ACBFE-6C97-416C-B063-F1E7E8C84109}"
EndProject
Global
	GlobalSection(SolutionConfigurationPlatforms) = preSolution
		Debug|Any CPU = Debug|Any CPU
		Release|Any CPU = Release|Any CPU
	EndGlobalSection
	GlobalSection(SolutionProperties) = preSolution
		HideSolutionNode = FALSE
	EndGlobalSection
	GlobalSection(ProjectConfigurationPlatforms) = postSolution
		{F1F6559C-30AB-4C93-AAC9-6FB011EB511C}.Debug|Any CPU.ActiveCfg = Debug|Any CPU
		{F1F6559C-30AB-4C93-AAC9-6FB011EB511C}.Debug|Any CPU.Build.0 = Debug|Any CPU
		{F1F6559C-30AB-4C93-AAC9-6FB011EB511C}.Release|Any CPU.ActiveCfg = Release|Any CPU
		{F1F6559C-30AB-4C93-AAC9-6FB011EB511C}.Release|Any CPU.Build.0 = Release|Any CPU
		{BEE87F89-2CAC-43AC-8593-0CAE78842E77}.Debug|Any CPU.ActiveCfg = Debug|Any CPU
		{BEE87F89-2CAC-43AC-8593-0CAE78842E77}.Debug|Any CPU.Build.0 = Debug|Any CPU
		{BEE87F89-2CAC-43AC-8593-0CAE78842E77}.Release|Any CPU.ActiveCfg = Release|Any CPU
		{BEE87F89-2CAC-43AC-8593-0CAE78842E77}.Release|Any CPU.Build.0 = Release|Any CPU
		{295D5E88-1C24-4763-A74C-2AF5C93A447F}.Debug|Any CPU.ActiveCfg = Debug|Any CPU
		{295D5E88-1C24-4763-A74C-2AF5C93A447F}.Debug|Any CPU.Build.0 = Debug|Any CPU
		{295D5E88-1C24-4763-A74C-2AF5C93A447F}.Release|Any CPU.ActiveCfg = Release|Any CPU
		{295D5E88-1C24-4763-A74C-2AF5C93A447F}.Release|Any CPU.Build.0 = Release|Any CPU
		{5D667196-F308-44AB-A402-2418732A91FF}.Debug|Any CPU.ActiveCfg = Debug|Any CPU
		{5D667196-F308-44AB-A402-2418732A91FF}.Debug|Any CPU.Build.0 = Debug|Any CPU
		{5D667196-F308-44AB-A402-2418732A91FF}.Release|Any CPU.ActiveCfg = Release|Any CPU
		{5D667196-F308-44AB-A402-2418732A91FF}.Release|Any CPU.Build.0 = Release|Any CPU
		{6347BCBA-AF4C-46B5-96C7-1E047E23EDC5}.Debug|Any CPU.ActiveCfg = Debug|Any CPU
		{6347BCBA-AF4C-46B5-96C7-1E047E23EDC5}.Debug|Any CPU.Build.0 = Debug|Any CPU
		{6347BCBA-AF4C-46B5-96C7-1E047E23EDC5}.Release|Any CPU.ActiveCfg = Release|Any CPU
		{6347BCBA-AF4C-46B5-96C7-1E047E23EDC5}.Release|Any CPU.Build.0 = Release|Any CPU
		{608BA9B2-87F2-415C-962B-42AC6558D456}.Debug|Any CPU.ActiveCfg = Debug|Any CPU
		{608BA9B2-87F2-415C-962B-42AC6558D456}.Debug|Any CPU.Build.0 = Debug|Any CPU
		{608BA9B2-87F2-415C-962B-42AC6558D456}.Release|Any CPU.ActiveCfg = Release|Any CPU
		{608BA9B2-87F2-415C-962B-42AC6558D456}.Release|Any CPU.Build.0 = Release|Any CPU
		{8B5ACBFE-6C97-416C-B063-F1E7E8C84109}.Debug|Any CPU.ActiveCfg = Debug|Any CPU
		{8B5ACBFE-6C97-416C-B063-F1E7E8C84109}.Debug|Any CPU.Build.0 = Debug|Any CPU
		{8B5ACBFE-6C97-416C-B063-F1E7E8C84109}.Release|Any CPU.ActiveCfg = Release|Any CPU
		{8B5ACBFE-6C97-416C-B063-F1E7E8C84109}.Release|Any CPU.Build.0 = Release|Any CPU
	EndGlobalSection
EndGlobal
